
Microsoft Visual Studio Solution File, Format Version 12.00
# Visual Studio Version 16
VisualStudioVersion = 16.0.30907.101
MinimumVisualStudioVersion = 10.0.40219.1
Project("{FAE04EC0-301F-11D3-BF4B-00C04F79EFBC}") = "TranspearentAdjust", "TranspearentAdjust\TranspearentAdjust.csproj", "{9B06EBBF-8FAF-4DA6-A583-8A52D8351ABB}"
EndProject
Global
	GlobalSection(SolutionConfigurationPlatforms) = preSolution
		Debug|Any CPU = Debug|Any CPU
		Release|Any CPU = Release|Any CPU
	EndGlobalSection
	GlobalSection(ProjectConfigurationPlatforms) = postSolution
		{9B06EBBF-8FAF-4DA6-A583-8A52D8351ABB}.Debug|Any CPU.ActiveCfg = Debug|Any CPU
		{9B06EBBF-8FAF-4DA6-A583-8A52D8351ABB}.Debug|Any CPU.Build.0 = Debug|Any CPU
		{9B06EBBF-8FAF-4DA6-A583-8A52D8351ABB}.Release|Any CPU.ActiveCfg = Release|Any CPU
		{9B06EBBF-8FAF-4DA6-A583-8A52D8351ABB}.Release|Any CPU.Build.0 = Release|Any CPU
	EndGlobalSection
	GlobalSection(SolutionProperties) = preSolution
		HideSolutionNode = FALSE
	EndGlobalSection
	GlobalSection(ExtensibilityGlobals) = postSolution
		SolutionGuid = {9951BD4A-F88D-438B-B6D4-07321AF4D35D}
	EndGlobalSection
EndGlobal
